
Microsoft Visual Studio Solution File, Format Version 12.00
# Visual Studio 15
VisualStudioVersion = 15.0.27703.2018
MinimumVisualStudioVersion = 10.0.40219.1
Project("{FAE04EC0-301F-11D3-BF4B-00C04F79EFBC}") = "UI", "PW\UI.csproj", "{4412A2E4-DECC-4419-B7C0-CA89976EF97D}"
EndProject
Project("{FAE04EC0-301F-11D3-BF4B-00C04F79EFBC}") = "BL", "BL\BL.csproj", "{AB766A23-4402-4881-AD85-1D8585461275}"
EndProject
Project("{FAE04EC0-301F-11D3-BF4B-00C04F79EFBC}") = "DAO", "DAO\DAO.csproj", "{AEDF2BD0-E28D-47B0-95D1-077D3EA5A050}"
EndProject
Project("{FAE04EC0-301F-11D3-BF4B-00C04F79EFBC}") = "CORE", "CORE\CORE.csproj", "{407AF60A-37F1-479F-8EE4-F212AE98E749}"
EndProject
Project("{FAE04EC0-301F-11D3-BF4B-00C04F79EFBC}") = "INTERFACES", "INTERFACES\INTERFACES.csproj", "{9C29644A-1A57-479D-BACD-5EA35743975F}"
EndProject
Global
	GlobalSection(SolutionConfigurationPlatforms) = preSolution
		Debug|Any CPU = Debug|Any CPU
		Debug|x64 = Debug|x64
		Debug|x86 = Debug|x86
		Release|Any CPU = Release|Any CPU
		Release|x64 = Release|x64
		Release|x86 = Release|x86
	EndGlobalSection
	GlobalSection(ProjectConfigurationPlatforms) = postSolution
		{4412A2E4-DECC-4419-B7C0-CA89976EF97D}.Debug|Any CPU.ActiveCfg = Debug|Any CPU
		{4412A2E4-DECC-4419-B7C0-CA89976EF97D}.Debug|Any CPU.Build.0 = Debug|Any CPU
		{4412A2E4-DECC-4419-B7C0-CA89976EF97D}.Debug|x64.ActiveCfg = Debug|Any CPU
		{4412A2E4-DECC-4419-B7C0-CA89976EF97D}.Debug|x64.Build.0 = Debug|Any CPU
		{4412A2E4-DECC-4419-B7C0-CA89976EF97D}.Debug|x86.ActiveCfg = Debug|Any CPU
		{4412A2E4-DECC-4419-B7C0-CA89976EF97D}.Debug|x86.Build.0 = Debug|Any CPU
		{4412A2E4-DECC-4419-B7C0-CA89976EF97D}.Release|Any CPU.ActiveCfg = Release|Any CPU
		{4412A2E4-DECC-4419-B7C0-CA89976EF97D}.Release|Any CPU.Build.0 = Release|Any CPU
		{4412A2E4-DECC-4419-B7C0-CA89976EF97D}.Release|x64.ActiveCfg = Release|Any CPU
		{4412A2E4-DECC-4419-B7C0-CA89976EF97D}.Release|x64.Build.0 = Release|Any CPU
		{4412A2E4-DECC-4419-B7C0-CA89976EF97D}.Release|x86.ActiveCfg = Release|Any CPU
		{4412A2E4-DECC-4419-B7C0-CA89976EF97D}.Release|x86.Build.0 = Release|Any CPU
		{AB766A23-4402-4881-AD85-1D8585461275}.Debug|Any CPU.ActiveCfg = Debug|Any CPU
		{AB766A23-4402-4881-AD85-1D8585461275}.Debug|Any CPU.Build.0 = Debug|Any CPU
		{AB766A23-4402-4881-AD85-1D8585461275}.Debug|x64.ActiveCfg = Debug|Any CPU
		{AB766A23-4402-4881-AD85-1D8585461275}.Debug|x64.Build.0 = Debug|Any CPU
		{AB766A23-4402-4881-AD85-1D8585461275}.Debug|x86.ActiveCfg = Debug|Any CPU
		{AB766A23-4402-4881-AD85-1D8585461275}.Debug|x86.Build.0 = Debug|Any CPU
		{AB766A23-4402-4881-AD85-1D8585461275}.Release|Any CPU.ActiveCfg = Release|Any CPU
		{AB766A23-4402-4881-AD85-1D8585461275}.Release|Any CPU.Build.0 = Release|Any CPU
		{AB766A23-4402-4881-AD85-1D8585461275}.Release|x64.ActiveCfg = Release|Any CPU
		{AB766A23-4402-4881-AD85-1D8585461275}.Release|x64.Build.0 = Release|Any CPU
		{AB766A23-4402-4881-AD85-1D8585461275}.Release|x86.ActiveCfg = Release|Any CPU
		{AB766A23-4402-4881-AD85-1D8585461275}.Release|x86.Build.0 = Release|Any CPU
		{AEDF2BD0-E28D-47B0-95D1-077D3EA5A050}.Debug|Any CPU.ActiveCfg = Debug|Any CPU
		{AEDF2BD0-E28D-47B0-95D1-077D3EA5A050}.Debug|Any CPU.Build.0 = Debug|Any CPU
		{AEDF2BD0-E28D-47B0-95D1-077D3EA5A050}.Debug|x64.ActiveCfg = Debug|Any CPU
		{AEDF2BD0-E28D-47B0-95D1-077D3EA5A050}.Debug|x64.Build.0 = Debug|Any CPU
		{AEDF2BD0-E28D-47B0-95D1-077D3EA5A050}.Debug|x86.ActiveCfg = Debug|Any CPU
		{AEDF2BD0-E28D-47B0-95D1-077D3EA5A050}.Debug|x86.Build.0 = Debug|Any CPU
		{AEDF2BD0-E28D-47B0-95D1-077D3EA5A050}.Release|Any CPU.ActiveCfg = Release|Any CPU
		{AEDF2BD0-E28D-47B0-95D1-077D3EA5A050}.Release|Any CPU.Build.0 = Release|Any CPU
		{AEDF2BD0-E28D-47B0-95D1-077D3EA5A050}.Release|x64.ActiveCfg = Release|Any CPU
		{AEDF2BD0-E28D-47B0-95D1-077D3EA5A050}.Release|x64.Build.0 = Release|Any CPU
		{AEDF2BD0-E28D-47B0-95D1-077D3EA5A050}.Release|x86.ActiveCfg = Release|Any CPU
		{AEDF2BD0-E28D-47B0-95D1-077D3EA5A050}.Release|x86.Build.0 = Release|Any CPU
		{407AF60A-37F1-479F-8EE4-F212AE98E749}.Debug|Any CPU.ActiveCfg = Debug|Any CPU
		{407AF60A-37F1-479F-8EE4-F212AE98E749}.Debug|Any CPU.Build.0 = Debug|Any CPU
		{407AF60A-37F1-479F-8EE4-F212AE98E749}.Debug|x64.ActiveCfg = Debug|Any CPU
		{407AF60A-37F1-479F-8EE4-F212AE98E749}.Debug|x64.Build.0 = Debug|Any CPU
		{407AF60A-37F1-479F-8EE4-F212AE98E749}.Debug|x86.ActiveCfg = Debug|Any CPU
		{407AF60A-37F1-479F-8EE4-F212AE98E749}.Debug|x86.Build.0 = Debug|Any CPU
		{407AF60A-37F1-479F-8EE4-F212AE98E749}.Release|Any CPU.ActiveCfg = Release|Any CPU
		{407AF60A-37F1-479F-8EE4-F212AE98E749}.Release|Any CPU.Build.0 = Release|Any CPU
		{407AF60A-37F1-479F-8EE4-F212AE98E749}.Release|x64.ActiveCfg = Release|Any CPU
		{407AF60A-37F1-479F-8EE4-F212AE98E749}.Release|x64.Build.0 = Release|Any CPU
		{407AF60A-37F1-479F-8EE4-F212AE98E749}.Release|x86.ActiveCfg = Release|Any CPU
		{407AF60A-37F1-479F-8EE4-F212AE98E749}.Release|x86.Build.0 = Release|Any CPU
		{9C29644A-1A57-479D-BACD-5EA35743975F}.Debug|Any CPU.ActiveCfg = Debug|Any CPU
		{9C29644A-1A57-479D-BACD-5EA35743975F}.Debug|Any CPU.Build.0 = Debug|Any CPU
		{9C29644A-1A57-479D-BACD-5EA35743975F}.Debug|x64.ActiveCfg = Debug|Any CPU
		{9C29644A-1A57-479D-BACD-5EA35743975F}.Debug|x64.Build.0 = Debug|Any CPU
		{9C29644A-1A57-479D-BACD-5EA35743975F}.Debug|x86.ActiveCfg = Debug|Any CPU
		{9C29644A-1A57-479D-BACD-5EA35743975F}.Debug|x86.Build.0 = Debug|Any CPU
		{9C29644A-1A57-479D-BACD-5EA35743975F}.Release|Any CPU.ActiveCfg = Release|Any CPU
		{9C29644A-1A57-479D-BACD-5EA35743975F}.Release|Any CPU.Build.0 = Release|Any CPU
		{9C29644A-1A57-479D-BACD-5EA35743975F}.Release|x64.ActiveCfg = Release|Any CPU
		{9C29644A-1A57-479D-BACD-5EA35743975F}.Release|x64.Build.0 = Release|Any CPU
		{9C29644A-1A57-479D-BACD-5EA35743975F}.Release|x86.ActiveCfg = Release|Any CPU
		{9C29644A-1A57-479D-BACD-5EA35743975F}.Release|x86.Build.0 = Release|Any CPU
	EndGlobalSection
	GlobalSection(SolutionProperties) = preSolution
		HideSolutionNode = FALSE
	EndGlobalSection
	GlobalSection(ExtensibilityGlobals) = postSolution
		SolutionGuid = {9096AE93-8B7E-4B64-B298-E096F4714DDB}
	EndGlobalSection
EndGlobal
