
Microsoft Visual Studio Solution File, Format Version 12.00
# Visual Studio 15
VisualStudioVersion = 15.0.27703.2018
MinimumVisualStudioVersion = 10.0.40219.1
Project("{FAE04EC0-301F-11D3-BF4B-00C04F79EFBC}") = "PW", "PW\PW.csproj", "{4412A2E4-DECC-4419-B7C0-CA89976EF97D}"
EndProject
Global
	GlobalSection(SolutionConfigurationPlatforms) = preSolution
		Debug|Any CPU = Debug|Any CPU
		Release|Any CPU = Release|Any CPU
	EndGlobalSection
	GlobalSection(ProjectConfigurationPlatforms) = postSolution
		{4412A2E4-DECC-4419-B7C0-CA89976EF97D}.Debug|Any CPU.ActiveCfg = Debug|Any CPU
		{4412A2E4-DECC-4419-B7C0-CA89976EF97D}.Debug|Any CPU.Build.0 = Debug|Any CPU
		{4412A2E4-DECC-4419-B7C0-CA89976EF97D}.Release|Any CPU.ActiveCfg = Release|Any CPU
		{4412A2E4-DECC-4419-B7C0-CA89976EF97D}.Release|Any CPU.Build.0 = Release|Any CPU
	EndGlobalSection
	GlobalSection(SolutionProperties) = preSolution
		HideSolutionNode = FALSE
	EndGlobalSection
	GlobalSection(ExtensibilityGlobals) = postSolution
		SolutionGuid = {9096AE93-8B7E-4B64-B298-E096F4714DDB}
	EndGlobalSection
EndGlobal
